
Microsoft Visual Studio Solution File, Format Version 12.00
# Visual Studio Version 16
VisualStudioVersion = 16.0.31829.152
MinimumVisualStudioVersion = 10.0.40219.1
Project("{FAE04EC0-301F-11D3-BF4B-00C04F79EFBC}") = "MVCSTOK2", "MVCSTOK2.csproj", "{A822F71C-3F0B-47DD-9383-6C64E778CDCB}"
EndProject
Global
	GlobalSection(SolutionConfigurationPlatforms) = preSolution
		Debug|Any CPU = Debug|Any CPU
		Release|Any CPU = Release|Any CPU
	EndGlobalSection
	GlobalSection(ProjectConfigurationPlatforms) = postSolution
		{A822F71C-3F0B-47DD-9383-6C64E778CDCB}.Debug|Any CPU.ActiveCfg = Debug|Any CPU
		{A822F71C-3F0B-47DD-9383-6C64E778CDCB}.Debug|Any CPU.Build.0 = Debug|Any CPU
		{A822F71C-3F0B-47DD-9383-6C64E778CDCB}.Release|Any CPU.ActiveCfg = Release|Any CPU
		{A822F71C-3F0B-47DD-9383-6C64E778CDCB}.Release|Any CPU.Build.0 = Release|Any CPU
	EndGlobalSection
	GlobalSection(SolutionProperties) = preSolution
		HideSolutionNode = FALSE
	EndGlobalSection
	GlobalSection(ExtensibilityGlobals) = postSolution
		SolutionGuid = {0A4E2B56-5774-47E4-847B-D15AAD1350CA}
	EndGlobalSection
EndGlobal
